// !$*UTF8*$!
{
	archiveVersion = 1;
	classes = {
	};
	objectVersion = 56;
	objects = {

/* Begin PBXBuildFile section */
		730F35632B0F35CC0051E120 /* AfricaApp.swift in Sources */ = {isa = PBXBuildFile; fileRef = 730F35622B0F35CC0051E120 /* AfricaApp.swift */; };
		730F35652B0F35CC0051E120 /* ContentView.swift in Sources */ = {isa = PBXBuildFile; fileRef = 730F35642B0F35CC0051E120 /* ContentView.swift */; };
		730F35672B0F35CD0051E120 /* Assets.xcassets in Resources */ = {isa = PBXBuildFile; fileRef = 730F35662B0F35CD0051E120 /* Assets.xcassets */; };
		730F356A2B0F35CD0051E120 /* Preview Assets.xcassets in Resources */ = {isa = PBXBuildFile; fileRef = 730F35692B0F35CD0051E120 /* Preview Assets.xcassets */; };
		73E88C872B10ACCD00735094 /* lion.mp4 in Resources */ = {isa = PBXBuildFile; fileRef = 73E88C7D2B10ACCA00735094 /* lion.mp4 */; };
		73E88C882B10ACCD00735094 /* cheetah.mp4 in Resources */ = {isa = PBXBuildFile; fileRef = 73E88C7E2B10ACCB00735094 /* cheetah.mp4 */; };
		73E88C892B10ACCD00735094 /* giraffe.mp4 in Resources */ = {isa = PBXBuildFile; fileRef = 73E88C7F2B10ACCB00735094 /* giraffe.mp4 */; };
		73E88C8A2B10ACCD00735094 /* rhino.mp4 in Resources */ = {isa = PBXBuildFile; fileRef = 73E88C802B10ACCB00735094 /* rhino.mp4 */; };
		73E88C8B2B10ACCD00735094 /* hippo.mp4 in Resources */ = {isa = PBXBuildFile; fileRef = 73E88C812B10ACCB00735094 /* hippo.mp4 */; };
		73E88C8C2B10ACCD00735094 /* gorilla.mp4 in Resources */ = {isa = PBXBuildFile; fileRef = 73E88C822B10ACCC00735094 /* gorilla.mp4 */; };
		73E88C8D2B10ACCD00735094 /* lioness.mp4 in Resources */ = {isa = PBXBuildFile; fileRef = 73E88C832B10ACCC00735094 /* lioness.mp4 */; };
		73E88C8E2B10ACCD00735094 /* zebra.mp4 in Resources */ = {isa = PBXBuildFile; fileRef = 73E88C842B10ACCC00735094 /* zebra.mp4 */; };
		73E88C8F2B10ACCD00735094 /* ostrich.mp4 in Resources */ = {isa = PBXBuildFile; fileRef = 73E88C852B10ACCC00735094 /* ostrich.mp4 */; };
		73E88C902B10ACCD00735094 /* elephant.mp4 in Resources */ = {isa = PBXBuildFile; fileRef = 73E88C862B10ACCD00735094 /* elephant.mp4 */; };
		73E88C962B10AD5300735094 /* covers.json in Resources */ = {isa = PBXBuildFile; fileRef = 73E88C922B10AD5300735094 /* covers.json */; };
		73E88C972B10AD5300735094 /* locations.json in Resources */ = {isa = PBXBuildFile; fileRef = 73E88C932B10AD5300735094 /* locations.json */; };
		73E88C982B10AD5300735094 /* videos.json in Resources */ = {isa = PBXBuildFile; fileRef = 73E88C942B10AD5300735094 /* videos.json */; };
		73E88C992B10AD5300735094 /* animals.json in Resources */ = {isa = PBXBuildFile; fileRef = 73E88C952B10AD5300735094 /* animals.json */; };
		73E88C9D2B10B4CD00735094 /* VideoListView.swift in Sources */ = {isa = PBXBuildFile; fileRef = 73E88C9C2B10B4CD00735094 /* VideoListView.swift */; };
		73E88C9F2B10B50A00735094 /* MapView.swift in Sources */ = {isa = PBXBuildFile; fileRef = 73E88C9E2B10B50A00735094 /* MapView.swift */; };
		73E88CA12B10B52300735094 /* GalleryView.swift in Sources */ = {isa = PBXBuildFile; fileRef = 73E88CA02B10B52300735094 /* GalleryView.swift */; };
		73E88CA32B10B54800735094 /* MainView.swift in Sources */ = {isa = PBXBuildFile; fileRef = 73E88CA22B10B54800735094 /* MainView.swift */; };
		73E88CA62B10BD3A00735094 /* CoverImageView.swift in Sources */ = {isa = PBXBuildFile; fileRef = 73E88CA52B10BD3A00735094 /* CoverImageView.swift */; };
		73E88CA92B11CD0F00735094 /* CoverImageModel.swift in Sources */ = {isa = PBXBuildFile; fileRef = 73E88CA82B11CD0F00735094 /* CoverImageModel.swift */; };
		73E88CAC2B11CE3E00735094 /* CodableBundleExtension.swift in Sources */ = {isa = PBXBuildFile; fileRef = 73E88CAB2B11CE3E00735094 /* CodableBundleExtension.swift */; };
		73E88CAE2B11D26200735094 /* AnimalListItemView.swift in Sources */ = {isa = PBXBuildFile; fileRef = 73E88CAD2B11D26200735094 /* AnimalListItemView.swift */; };
		73E88CB02B11FD5B00735094 /* AnimalModel.swift in Sources */ = {isa = PBXBuildFile; fileRef = 73E88CAF2B11FD5B00735094 /* AnimalModel.swift */; };
/* End PBXBuildFile section */

/* Begin PBXFileReference section */
		730F355F2B0F35CC0051E120 /* Africa.app */ = {isa = PBXFileReference; explicitFileType = wrapper.application; includeInIndex = 0; path = Africa.app; sourceTree = BUILT_PRODUCTS_DIR; };
		730F35622B0F35CC0051E120 /* AfricaApp.swift */ = {isa = PBXFileReference; lastKnownFileType = sourcecode.swift; path = AfricaApp.swift; sourceTree = "<group>"; };
		730F35642B0F35CC0051E120 /* ContentView.swift */ = {isa = PBXFileReference; lastKnownFileType = sourcecode.swift; path = ContentView.swift; sourceTree = "<group>"; };
		730F35662B0F35CD0051E120 /* Assets.xcassets */ = {isa = PBXFileReference; lastKnownFileType = folder.assetcatalog; path = Assets.xcassets; sourceTree = "<group>"; };
		730F35692B0F35CD0051E120 /* Preview Assets.xcassets */ = {isa = PBXFileReference; lastKnownFileType = folder.assetcatalog; path = "Preview Assets.xcassets"; sourceTree = "<group>"; };
		73E88C7D2B10ACCA00735094 /* lion.mp4 */ = {isa = PBXFileReference; lastKnownFileType = file; path = lion.mp4; sourceTree = "<group>"; };
		73E88C7E2B10ACCB00735094 /* cheetah.mp4 */ = {isa = PBXFileReference; lastKnownFileType = file; path = cheetah.mp4; sourceTree = "<group>"; };
		73E88C7F2B10ACCB00735094 /* giraffe.mp4 */ = {isa = PBXFileReference; lastKnownFileType = file; path = giraffe.mp4; sourceTree = "<group>"; };
		73E88C802B10ACCB00735094 /* rhino.mp4 */ = {isa = PBXFileReference; lastKnownFileType = file; path = rhino.mp4; sourceTree = "<group>"; };
		73E88C812B10ACCB00735094 /* hippo.mp4 */ = {isa = PBXFileReference; lastKnownFileType = file; path = hippo.mp4; sourceTree = "<group>"; };
		73E88C822B10ACCC00735094 /* gorilla.mp4 */ = {isa = PBXFileReference; lastKnownFileType = file; path = gorilla.mp4; sourceTree = "<group>"; };
		73E88C832B10ACCC00735094 /* lioness.mp4 */ = {isa = PBXFileReference; lastKnownFileType = file; path = lioness.mp4; sourceTree = "<group>"; };
		73E88C842B10ACCC00735094 /* zebra.mp4 */ = {isa = PBXFileReference; lastKnownFileType = file; path = zebra.mp4; sourceTree = "<group>"; };
		73E88C852B10ACCC00735094 /* ostrich.mp4 */ = {isa = PBXFileReference; lastKnownFileType = file; path = ostrich.mp4; sourceTree = "<group>"; };
		73E88C862B10ACCD00735094 /* elephant.mp4 */ = {isa = PBXFileReference; lastKnownFileType = file; path = elephant.mp4; sourceTree = "<group>"; };
		73E88C922B10AD5300735094 /* covers.json */ = {isa = PBXFileReference; fileEncoding = 4; lastKnownFileType = text.json; path = covers.json; sourceTree = "<group>"; };
		73E88C932B10AD5300735094 /* locations.json */ = {isa = PBXFileReference; fileEncoding = 4; lastKnownFileType = text.json; path = locations.json; sourceTree = "<group>"; };
		73E88C942B10AD5300735094 /* videos.json */ = {isa = PBXFileReference; fileEncoding = 4; lastKnownFileType = text.json; path = videos.json; sourceTree = "<group>"; };
		73E88C952B10AD5300735094 /* animals.json */ = {isa = PBXFileReference; fileEncoding = 4; lastKnownFileType = text.json; path = animals.json; sourceTree = "<group>"; };
		73E88C9A2B10AFA100735094 /* Info.plist */ = {isa = PBXFileReference; lastKnownFileType = text.plist; path = Info.plist; sourceTree = "<group>"; };
		73E88C9C2B10B4CD00735094 /* VideoListView.swift */ = {isa = PBXFileReference; lastKnownFileType = sourcecode.swift; path = VideoListView.swift; sourceTree = "<group>"; };
		73E88C9E2B10B50A00735094 /* MapView.swift */ = {isa = PBXFileReference; lastKnownFileType = sourcecode.swift; path = MapView.swift; sourceTree = "<group>"; };
		73E88CA02B10B52300735094 /* GalleryView.swift */ = {isa = PBXFileReference; lastKnownFileType = sourcecode.swift; path = GalleryView.swift; sourceTree = "<group>"; };
		73E88CA22B10B54800735094 /* MainView.swift */ = {isa = PBXFileReference; lastKnownFileType = sourcecode.swift; path = MainView.swift; sourceTree = "<group>"; };
		73E88CA52B10BD3A00735094 /* CoverImageView.swift */ = {isa = PBXFileReference; lastKnownFileType = sourcecode.swift; path = CoverImageView.swift; sourceTree = "<group>"; };
		73E88CA82B11CD0F00735094 /* CoverImageModel.swift */ = {isa = PBXFileReference; lastKnownFileType = sourcecode.swift; path = CoverImageModel.swift; sourceTree = "<group>"; };
		73E88CAB2B11CE3E00735094 /* CodableBundleExtension.swift */ = {isa = PBXFileReference; lastKnownFileType = sourcecode.swift; path = CodableBundleExtension.swift; sourceTree = "<group>"; };
		73E88CAD2B11D26200735094 /* AnimalListItemView.swift */ = {isa = PBXFileReference; lastKnownFileType = sourcecode.swift; path = AnimalListItemView.swift; sourceTree = "<group>"; };
		73E88CAF2B11FD5B00735094 /* AnimalModel.swift */ = {isa = PBXFileReference; lastKnownFileType = sourcecode.swift; path = AnimalModel.swift; sourceTree = "<group>"; };
/* End PBXFileReference section */

/* Begin PBXFrameworksBuildPhase section */
		730F355C2B0F35CC0051E120 /* Frameworks */ = {
			isa = PBXFrameworksBuildPhase;
			buildActionMask = 2147483647;
			files = (
			);
			runOnlyForDeploymentPostprocessing = 0;
		};
/* End PBXFrameworksBuildPhase section */

/* Begin PBXGroup section */
		730F35562B0F35CC0051E120 = {
			isa = PBXGroup;
			children = (
				730F35612B0F35CC0051E120 /* Africa */,
				730F35602B0F35CC0051E120 /* Products */,
			);
			sourceTree = "<group>";
		};
		730F35602B0F35CC0051E120 /* Products */ = {
			isa = PBXGroup;
			children = (
				730F355F2B0F35CC0051E120 /* Africa.app */,
			);
			name = Products;
			sourceTree = "<group>";
		};
		730F35612B0F35CC0051E120 /* Africa */ = {
			isa = PBXGroup;
			children = (
				73E88CAA2B11CE2400735094 /* Extension */,
				73E88CA72B11CCFD00735094 /* Model */,
				73E88CA42B10BD1900735094 /* View */,
				73E88C9A2B10AFA100735094 /* Info.plist */,
				73E88C912B10AD0C00735094 /* Data */,
				73E88C7C2B10AC9700735094 /* Video */,
				73E88C9B2B10B16900735094 /* App */,
				730F35662B0F35CD0051E120 /* Assets.xcassets */,
				730F35682B0F35CD0051E120 /* Preview Content */,
			);
			path = Africa;
			sourceTree = "<group>";
		};
		730F35682B0F35CD0051E120 /* Preview Content */ = {
			isa = PBXGroup;
			children = (
				730F35692B0F35CD0051E120 /* Preview Assets.xcassets */,
			);
			path = "Preview Content";
			sourceTree = "<group>";
		};
		73E88C7C2B10AC9700735094 /* Video */ = {
			isa = PBXGroup;
			children = (
				73E88C7E2B10ACCB00735094 /* cheetah.mp4 */,
				73E88C862B10ACCD00735094 /* elephant.mp4 */,
				73E88C7F2B10ACCB00735094 /* giraffe.mp4 */,
				73E88C822B10ACCC00735094 /* gorilla.mp4 */,
				73E88C812B10ACCB00735094 /* hippo.mp4 */,
				73E88C7D2B10ACCA00735094 /* lion.mp4 */,
				73E88C832B10ACCC00735094 /* lioness.mp4 */,
				73E88C852B10ACCC00735094 /* ostrich.mp4 */,
				73E88C802B10ACCB00735094 /* rhino.mp4 */,
				73E88C842B10ACCC00735094 /* zebra.mp4 */,
			);
			path = Video;
			sourceTree = "<group>";
		};
		73E88C912B10AD0C00735094 /* Data */ = {
			isa = PBXGroup;
			children = (
				73E88C952B10AD5300735094 /* animals.json */,
				73E88C922B10AD5300735094 /* covers.json */,
				73E88C932B10AD5300735094 /* locations.json */,
				73E88C942B10AD5300735094 /* videos.json */,
			);
			path = Data;
			sourceTree = "<group>";
		};
		73E88C9B2B10B16900735094 /* App */ = {
			isa = PBXGroup;
			children = (
				730F35622B0F35CC0051E120 /* AfricaApp.swift */,
				730F35642B0F35CC0051E120 /* ContentView.swift */,
				73E88C9C2B10B4CD00735094 /* VideoListView.swift */,
				73E88C9E2B10B50A00735094 /* MapView.swift */,
				73E88CA02B10B52300735094 /* GalleryView.swift */,
				73E88CA22B10B54800735094 /* MainView.swift */,
			);
			path = App;
			sourceTree = "<group>";
		};
		73E88CA42B10BD1900735094 /* View */ = {
			isa = PBXGroup;
			children = (
				73E88CA52B10BD3A00735094 /* CoverImageView.swift */,
				73E88CAD2B11D26200735094 /* AnimalListItemView.swift */,
			);
			path = View;
			sourceTree = "<group>";
		};
		73E88CA72B11CCFD00735094 /* Model */ = {
			isa = PBXGroup;
			children = (
				73E88CA82B11CD0F00735094 /* CoverImageModel.swift */,
				73E88CAF2B11FD5B00735094 /* AnimalModel.swift */,
			);
			path = Model;
			sourceTree = "<group>";
		};
		73E88CAA2B11CE2400735094 /* Extension */ = {
			isa = PBXGroup;
			children = (
				73E88CAB2B11CE3E00735094 /* CodableBundleExtension.swift */,
			);
			path = Extension;
			sourceTree = "<group>";
		};
/* End PBXGroup section */

/* Begin PBXNativeTarget section */
		730F355E2B0F35CC0051E120 /* Africa */ = {
			isa = PBXNativeTarget;
			buildConfigurationList = 730F356D2B0F35CD0051E120 /* Build configuration list for PBXNativeTarget "Africa" */;
			buildPhases = (
				730F355B2B0F35CC0051E120 /* Sources */,
				730F355C2B0F35CC0051E120 /* Frameworks */,
				730F355D2B0F35CC0051E120 /* Resources */,
			);
			buildRules = (
			);
			dependencies = (
			);
			name = Africa;
			productName = Africa;
			productReference = 730F355F2B0F35CC0051E120 /* Africa.app */;
			productType = "com.apple.product-type.application";
		};
/* End PBXNativeTarget section */

/* Begin PBXProject section */
		730F35572B0F35CC0051E120 /* Project object */ = {
			isa = PBXProject;
			attributes = {
				BuildIndependentTargetsInParallel = 1;
				LastSwiftUpdateCheck = 1500;
				LastUpgradeCheck = 1500;
				TargetAttributes = {
					730F355E2B0F35CC0051E120 = {
						CreatedOnToolsVersion = 15.0.1;
					};
				};
			};
			buildConfigurationList = 730F355A2B0F35CC0051E120 /* Build configuration list for PBXProject "Africa" */;
			compatibilityVersion = "Xcode 14.0";
			developmentRegion = en;
			hasScannedForEncodings = 0;
			knownRegions = (
				en,
				Base,
			);
			mainGroup = 730F35562B0F35CC0051E120;
			productRefGroup = 730F35602B0F35CC0051E120 /* Products */;
			projectDirPath = "";
			projectRoot = "";
			targets = (
				730F355E2B0F35CC0051E120 /* Africa */,
			);
		};
/* End PBXProject section */

/* Begin PBXResourcesBuildPhase section */
		730F355D2B0F35CC0051E120 /* Resources */ = {
			isa = PBXResourcesBuildPhase;
			buildActionMask = 2147483647;
			files = (
				73E88C972B10AD5300735094 /* locations.json in Resources */,
				73E88C962B10AD5300735094 /* covers.json in Resources */,
				73E88C982B10AD5300735094 /* videos.json in Resources */,
				73E88C8A2B10ACCD00735094 /* rhino.mp4 in Resources */,
				73E88C882B10ACCD00735094 /* cheetah.mp4 in Resources */,
				73E88C8D2B10ACCD00735094 /* lioness.mp4 in Resources */,
				73E88C8B2B10ACCD00735094 /* hippo.mp4 in Resources */,
				730F356A2B0F35CD0051E120 /* Preview Assets.xcassets in Resources */,
				73E88C8C2B10ACCD00735094 /* gorilla.mp4 in Resources */,
				73E88C992B10AD5300735094 /* animals.json in Resources */,
				73E88C8E2B10ACCD00735094 /* zebra.mp4 in Resources */,
				73E88C872B10ACCD00735094 /* lion.mp4 in Resources */,
				73E88C902B10ACCD00735094 /* elephant.mp4 in Resources */,
				730F35672B0F35CD0051E120 /* Assets.xcassets in Resources */,
				73E88C892B10ACCD00735094 /* giraffe.mp4 in Resources */,
				73E88C8F2B10ACCD00735094 /* ostrich.mp4 in Resources */,
			);
			runOnlyForDeploymentPostprocessing = 0;
		};
/* End PBXResourcesBuildPhase section */

/* Begin PBXSourcesBuildPhase section */
		730F355B2B0F35CC0051E120 /* Sources */ = {
			isa = PBXSourcesBuildPhase;
			buildActionMask = 2147483647;
			files = (
				73E88CB02B11FD5B00735094 /* AnimalModel.swift in Sources */,
				730F35652B0F35CC0051E120 /* ContentView.swift in Sources */,
				73E88CAE2B11D26200735094 /* AnimalListItemView.swift in Sources */,
				73E88CA32B10B54800735094 /* MainView.swift in Sources */,
				73E88CA62B10BD3A00735094 /* CoverImageView.swift in Sources */,
				73E88CA92B11CD0F00735094 /* CoverImageModel.swift in Sources */,
				73E88C9F2B10B50A00735094 /* MapView.swift in Sources */,
				730F35632B0F35CC0051E120 /* AfricaApp.swift in Sources */,
				73E88C9D2B10B4CD00735094 /* VideoListView.swift in Sources */,
				73E88CA12B10B52300735094 /* GalleryView.swift in Sources */,
				73E88CAC2B11CE3E00735094 /* CodableBundleExtension.swift in Sources */,
			);
			runOnlyForDeploymentPostprocessing = 0;
		};
/* End PBXSourcesBuildPhase section */

/* Begin XCBuildConfiguration section */
		730F356B2B0F35CD0051E120 /* Debug */ = {
			isa = XCBuildConfiguration;
			buildSettings = {
				ALWAYS_SEARCH_USER_PATHS = NO;
				ASSETCATALOG_COMPILER_GENERATE_SWIFT_ASSET_SYMBOL_EXTENSIONS = YES;
				CLANG_ANALYZER_NONNULL = YES;
				CLANG_ANALYZER_NUMBER_OBJECT_CONVERSION = YES_AGGRESSIVE;
				CLANG_CXX_LANGUAGE_STANDARD = "gnu++20";
				CLANG_ENABLE_MODULES = YES;
				CLANG_ENABLE_OBJC_ARC = YES;
				CLANG_ENABLE_OBJC_WEAK = YES;
				CLANG_WARN_BLOCK_CAPTURE_AUTORELEASING = YES;
				CLANG_WARN_BOOL_CONVERSION = YES;
				CLANG_WARN_COMMA = YES;
				CLANG_WARN_CONSTANT_CONVERSION = YES;
				CLANG_WARN_DEPRECATED_OBJC_IMPLEMENTATIONS = YES;
				CLANG_WARN_DIRECT_OBJC_ISA_USAGE = YES_ERROR;
				CLANG_WARN_DOCUMENTATION_COMMENTS = YES;
				CLANG_WARN_EMPTY_BODY = YES;
				CLANG_WARN_ENUM_CONVERSION = YES;
				CLANG_WARN_INFINITE_RECURSION = YES;
				CLANG_WARN_INT_CONVERSION = YES;
				CLANG_WARN_NON_LITERAL_NULL_CONVERSION = YES;
				CLANG_WARN_OBJC_IMPLICIT_RETAIN_SELF = YES;
				CLANG_WARN_OBJC_LITERAL_CONVERSION = YES;
				CLANG_WARN_OBJC_ROOT_CLASS = YES_ERROR;
				CLANG_WARN_QUOTED_INCLUDE_IN_FRAMEWORK_HEADER = YES;
				CLANG_WARN_RANGE_LOOP_ANALYSIS = YES;
				CLANG_WARN_STRICT_PROTOTYPES = YES;
				CLANG_WARN_SUSPICIOUS_MOVE = YES;
				CLANG_WARN_UNGUARDED_AVAILABILITY = YES_AGGRESSIVE;
				CLANG_WARN_UNREACHABLE_CODE = YES;
				CLANG_WARN__DUPLICATE_METHOD_MATCH = YES;
				COPY_PHASE_STRIP = NO;
				DEBUG_INFORMATION_FORMAT = dwarf;
				ENABLE_STRICT_OBJC_MSGSEND = YES;
				ENABLE_TESTABILITY = YES;
				ENABLE_USER_SCRIPT_SANDBOXING = YES;
				GCC_C_LANGUAGE_STANDARD = gnu17;
				GCC_DYNAMIC_NO_PIC = NO;
				GCC_NO_COMMON_BLOCKS = YES;
				GCC_OPTIMIZATION_LEVEL = 0;
				GCC_PREPROCESSOR_DEFINITIONS = (
					"DEBUG=1",
					"$(inherited)",
				);
				GCC_WARN_64_TO_32_BIT_CONVERSION = YES;
				GCC_WARN_ABOUT_RETURN_TYPE = YES_ERROR;
				GCC_WARN_UNDECLARED_SELECTOR = YES;
				GCC_WARN_UNINITIALIZED_AUTOS = YES_AGGRESSIVE;
				GCC_WARN_UNUSED_FUNCTION = YES;
				GCC_WARN_UNUSED_VARIABLE = YES;
				IPHONEOS_DEPLOYMENT_TARGET = 17.0;
				LOCALIZATION_PREFERS_STRING_CATALOGS = YES;
				MTL_ENABLE_DEBUG_INFO = INCLUDE_SOURCE;
				MTL_FAST_MATH = YES;
				ONLY_ACTIVE_ARCH = YES;
				SDKROOT = iphoneos;
				SWIFT_ACTIVE_COMPILATION_CONDITIONS = "DEBUG $(inherited)";
				SWIFT_OPTIMIZATION_LEVEL = "-Onone";
			};
			name = Debug;
		};
		730F356C2B0F35CD0051E120 /* Release */ = {
			isa = XCBuildConfiguration;
			buildSettings = {
				ALWAYS_SEARCH_USER_PATHS = NO;
				ASSETCATALOG_COMPILER_GENERATE_SWIFT_ASSET_SYMBOL_EXTENSIONS = YES;
				CLANG_ANALYZER_NONNULL = YES;
				CLANG_ANALYZER_NUMBER_OBJECT_CONVERSION = YES_AGGRESSIVE;
				CLANG_CXX_LANGUAGE_STANDARD = "gnu++20";
				CLANG_ENABLE_MODULES = YES;
				CLANG_ENABLE_OBJC_ARC = YES;
				CLANG_ENABLE_OBJC_WEAK = YES;
				CLANG_WARN_BLOCK_CAPTURE_AUTORELEASING = YES;
				CLANG_WARN_BOOL_CONVERSION = YES;
				CLANG_WARN_COMMA = YES;
				CLANG_WARN_CONSTANT_CONVERSION = YES;
				CLANG_WARN_DEPRECATED_OBJC_IMPLEMENTATIONS = YES;
				CLANG_WARN_DIRECT_OBJC_ISA_USAGE = YES_ERROR;
				CLANG_WARN_DOCUMENTATION_COMMENTS = YES;
				CLANG_WARN_EMPTY_BODY = YES;
				CLANG_WARN_ENUM_CONVERSION = YES;
				CLANG_WARN_INFINITE_RECURSION = YES;
				CLANG_WARN_INT_CONVERSION = YES;
				CLANG_WARN_NON_LITERAL_NULL_CONVERSION = YES;
				CLANG_WARN_OBJC_IMPLICIT_RETAIN_SELF = YES;
				CLANG_WARN_OBJC_LITERAL_CONVERSION = YES;
				CLANG_WARN_OBJC_ROOT_CLASS = YES_ERROR;
				CLANG_WARN_QUOTED_INCLUDE_IN_FRAMEWORK_HEADER = YES;
				CLANG_WARN_RANGE_LOOP_ANALYSIS = YES;
				CLANG_WARN_STRICT_PROTOTYPES = YES;
				CLANG_WARN_SUSPICIOUS_MOVE = YES;
				CLANG_WARN_UNGUARDED_AVAILABILITY = YES_AGGRESSIVE;
				CLANG_WARN_UNREACHABLE_CODE = YES;
				CLANG_WARN__DUPLICATE_METHOD_MATCH = YES;
				COPY_PHASE_STRIP = NO;
				DEBUG_INFORMATION_FORMAT = "dwarf-with-dsym";
				ENABLE_NS_ASSERTIONS = NO;
				ENABLE_STRICT_OBJC_MSGSEND = YES;
				ENABLE_USER_SCRIPT_SANDBOXING = YES;
				GCC_C_LANGUAGE_STANDARD = gnu17;
				GCC_NO_COMMON_BLOCKS = YES;
				GCC_WARN_64_TO_32_BIT_CONVERSION = YES;
				GCC_WARN_ABOUT_RETURN_TYPE = YES_ERROR;
				GCC_WARN_UNDECLARED_SELECTOR = YES;
				GCC_WARN_UNINITIALIZED_AUTOS = YES_AGGRESSIVE;
				GCC_WARN_UNUSED_FUNCTION = YES;
				GCC_WARN_UNUSED_VARIABLE = YES;
				IPHONEOS_DEPLOYMENT_TARGET = 17.0;
				LOCALIZATION_PREFERS_STRING_CATALOGS = YES;
				MTL_ENABLE_DEBUG_INFO = NO;
				MTL_FAST_MATH = YES;
				SDKROOT = iphoneos;
				SWIFT_COMPILATION_MODE = wholemodule;
				VALIDATE_PRODUCT = YES;
			};
			name = Release;
		};
		730F356E2B0F35CD0051E120 /* Debug */ = {
			isa = XCBuildConfiguration;
			buildSettings = {
				ASSETCATALOG_COMPILER_APPICON_NAME = AppIcon;
				ASSETCATALOG_COMPILER_GLOBAL_ACCENT_COLOR_NAME = AccentColor;
				CODE_SIGN_STYLE = Automatic;
				CURRENT_PROJECT_VERSION = 1;
				DEVELOPMENT_ASSET_PATHS = "\"Africa/Preview Content\"";
				DEVELOPMENT_TEAM = HA4N3Z96QZ;
				ENABLE_PREVIEWS = YES;
				GENERATE_INFOPLIST_FILE = YES;
				INFOPLIST_FILE = Africa/Info.plist;
				INFOPLIST_KEY_UIApplicationSceneManifest_Generation = YES;
				INFOPLIST_KEY_UIApplicationSupportsIndirectInputEvents = YES;
				INFOPLIST_KEY_UISupportedInterfaceOrientations_iPad = "UIInterfaceOrientationPortrait UIInterfaceOrientationPortraitUpsideDown UIInterfaceOrientationLandscapeLeft UIInterfaceOrientationLandscapeRight";
				INFOPLIST_KEY_UISupportedInterfaceOrientations_iPhone = "UIInterfaceOrientationPortrait UIInterfaceOrientationLandscapeLeft UIInterfaceOrientationLandscapeRight";
				INFOPLIST_KEY_UIUserInterfaceStyle = Dark;
				LD_RUNPATH_SEARCH_PATHS = (
					"$(inherited)",
					"@executable_path/Frameworks",
				);
				MARKETING_VERSION = 1.0;
				PRODUCT_BUNDLE_IDENTIFIER = com.furkanyildiz.Africa;
				PRODUCT_NAME = "$(TARGET_NAME)";
				SWIFT_EMIT_LOC_STRINGS = YES;
				SWIFT_VERSION = 5.0;
				TARGETED_DEVICE_FAMILY = "1,2";
			};
			name = Debug;
		};
		730F356F2B0F35CD0051E120 /* Release */ = {
			isa = XCBuildConfiguration;
			buildSettings = {
				ASSETCATALOG_COMPILER_APPICON_NAME = AppIcon;
				ASSETCATALOG_COMPILER_GLOBAL_ACCENT_COLOR_NAME = AccentColor;
				CODE_SIGN_STYLE = Automatic;
				CURRENT_PROJECT_VERSION = 1;
				DEVELOPMENT_ASSET_PATHS = "\"Africa/Preview Content\"";
				DEVELOPMENT_TEAM = HA4N3Z96QZ;
				ENABLE_PREVIEWS = YES;
				GENERATE_INFOPLIST_FILE = YES;
				INFOPLIST_FILE = Africa/Info.plist;
				INFOPLIST_KEY_UIApplicationSceneManifest_Generation = YES;
				INFOPLIST_KEY_UIApplicationSupportsIndirectInputEvents = YES;
				INFOPLIST_KEY_UISupportedInterfaceOrientations_iPad = "UIInterfaceOrientationPortrait UIInterfaceOrientationPortraitUpsideDown UIInterfaceOrientationLandscapeLeft UIInterfaceOrientationLandscapeRight";
				INFOPLIST_KEY_UISupportedInterfaceOrientations_iPhone = "UIInterfaceOrientationPortrait UIInterfaceOrientationLandscapeLeft UIInterfaceOrientationLandscapeRight";
				INFOPLIST_KEY_UIUserInterfaceStyle = Dark;
				LD_RUNPATH_SEARCH_PATHS = (
					"$(inherited)",
					"@executable_path/Frameworks",
				);
				MARKETING_VERSION = 1.0;
				PRODUCT_BUNDLE_IDENTIFIER = com.furkanyildiz.Africa;
				PRODUCT_NAME = "$(TARGET_NAME)";
				SWIFT_EMIT_LOC_STRINGS = YES;
				SWIFT_VERSION = 5.0;
				TARGETED_DEVICE_FAMILY = "1,2";
			};
			name = Release;
		};
/* End XCBuildConfiguration section */

/* Begin XCConfigurationList section */
		730F355A2B0F35CC0051E120 /* Build configuration list for PBXProject "Africa" */ = {
			isa = XCConfigurationList;
			buildConfigurations = (
				730F356B2B0F35CD0051E120 /* Debug */,
				730F356C2B0F35CD0051E120 /* Release */,
			);
			defaultConfigurationIsVisible = 0;
			defaultConfigurationName = Release;
		};
		730F356D2B0F35CD0051E120 /* Build configuration list for PBXNativeTarget "Africa" */ = {
			isa = XCConfigurationList;
			buildConfigurations = (
				730F356E2B0F35CD0051E120 /* Debug */,
				730F356F2B0F35CD0051E120 /* Release */,
			);
			defaultConfigurationIsVisible = 0;
			defaultConfigurationName = Release;
		};
/* End XCConfigurationList section */
	};
	rootObject = 730F35572B0F35CC0051E120 /* Project object */;
}
